
Microsoft Visual Studio Solution File, Format Version 12.00
# Visual Studio Version 17
VisualStudioVersion = 17.4.33122.133
MinimumVisualStudioVersion = 10.0.40219.1
Project("{FAE04EC0-301F-11D3-BF4B-00C04F79EFBC}") = "Magische Miesmuscheln", "Magische Miesmuscheln\Magische Miesmuscheln.csproj", "{19B58D32-F335-4034-9B3B-03A305E1DEBE}"
EndProject
Global
	GlobalSection(SolutionConfigurationPlatforms) = preSolution
		Debug|Any CPU = Debug|Any CPU
		Release|Any CPU = Release|Any CPU
	EndGlobalSection
	GlobalSection(ProjectConfigurationPlatforms) = postSolution
		{19B58D32-F335-4034-9B3B-03A305E1DEBE}.Debug|Any CPU.ActiveCfg = Debug|Any CPU
		{19B58D32-F335-4034-9B3B-03A305E1DEBE}.Debug|Any CPU.Build.0 = Debug|Any CPU
		{19B58D32-F335-4034-9B3B-03A305E1DEBE}.Release|Any CPU.ActiveCfg = Release|Any CPU
		{19B58D32-F335-4034-9B3B-03A305E1DEBE}.Release|Any CPU.Build.0 = Release|Any CPU
	EndGlobalSection
	GlobalSection(SolutionProperties) = preSolution
		HideSolutionNode = FALSE
	EndGlobalSection
	GlobalSection(ExtensibilityGlobals) = postSolution
		SolutionGuid = {FBA1D359-F744-4C95-852B-B4DF94B1A2D8}
	EndGlobalSection
EndGlobal
